
Microsoft Visual Studio Solution File, Format Version 12.00
# Visual Studio Version 17
VisualStudioVersion = 17.1.32210.238
MinimumVisualStudioVersion = 10.0.40219.1
Project("{9A19103F-16F7-4668-BE54-9A1E7A4F7556}") = "NotiPet.Domain", "NotiPet.Domain\NotiPet.Domain.csproj", "{2587E2AC-D0D5-4270-BBBE-3A4EB4509171}"
EndProject
Project("{2150E333-8FDC-42A3-9474-1A3956D46DE8}") = "Presentation", "Presentation", "{38C60FDF-7946-4C96-848C-1B4474FFF717}"
EndProject
Project("{9A19103F-16F7-4668-BE54-9A1E7A4F7556}") = "NotiPet.Data", "NotiPet.Data\NotiPet.Data.csproj", "{8D124167-A1DC-48D7-B894-BF6593834F98}"
EndProject
Project("{9A19103F-16F7-4668-BE54-9A1E7A4F7556}") = "NotiPetApp", "Presentation\NotiPetApp\NotiPetApp\NotiPetApp.csproj", "{F10D8C09-1B97-4B7B-9367-2748A3A72EC1}"
EndProject
Project("{FAE04EC0-301F-11D3-BF4B-00C04F79EFBC}") = "NotiPetApp.iOS", "Presentation\NotiPetApp\NotiPetApp.iOS\NotiPetApp.iOS.csproj", "{B069F9A1-E52B-4114-800F-CDF21B444CCA}"
EndProject
Project("{FAE04EC0-301F-11D3-BF4B-00C04F79EFBC}") = "NotiPetApp.Droid", "Presentation\NotiPetApp\NotiPetApp.Droid\NotiPetApp.Droid.csproj", "{30838F75-8EF7-4B42-8A37-238440EE153B}"
EndProject
Project("{9A19103F-16F7-4668-BE54-9A1E7A4F7556}") = "NotiPet.Mocks", "NotiPet.Mocks\NotiPet.Mocks.csproj", "{DB0B6323-A25C-4D39-9C64-945507CC5DC7}"
EndProject
Project("{9A19103F-16F7-4668-BE54-9A1E7A4F7556}") = "NotiPet.UnitTest", "NotiPet.UnitTest\NotiPet.UnitTest.csproj", "{DD225D44-93E6-4921-9260-B77DE32F56FB}"
EndProject
Project("{FAE04EC0-301F-11D3-BF4B-00C04F79EFBC}") = "NotiPet.UITest", "NotiPet.UITest\NotiPet.UITest.csproj", "{8B6484D3-64FF-46B3-9E6C-B723D2207EA9}"
EndProject
Project("{9A19103F-16F7-4668-BE54-9A1E7A4F7556}") = "ConsoleApp1", "ConsoleApp1\ConsoleApp1.csproj", "{3B5EA5A7-68DC-46CC-A253-8FF4D607B484}"
EndProject
Global
	GlobalSection(SolutionConfigurationPlatforms) = preSolution
		Ad-Hoc|Any CPU = Ad-Hoc|Any CPU
		Ad-Hoc|iPhone = Ad-Hoc|iPhone
		Ad-Hoc|iPhoneSimulator = Ad-Hoc|iPhoneSimulator
		AppStore|Any CPU = AppStore|Any CPU
		AppStore|iPhone = AppStore|iPhone
		AppStore|iPhoneSimulator = AppStore|iPhoneSimulator
		Debug|Any CPU = Debug|Any CPU
		Debug|iPhone = Debug|iPhone
		Debug|iPhoneSimulator = Debug|iPhoneSimulator
		Release|Any CPU = Release|Any CPU
		Release|iPhone = Release|iPhone
		Release|iPhoneSimulator = Release|iPhoneSimulator
	EndGlobalSection
	GlobalSection(ProjectConfigurationPlatforms) = postSolution
		{2587E2AC-D0D5-4270-BBBE-3A4EB4509171}.Ad-Hoc|Any CPU.ActiveCfg = Release|Any CPU
		{2587E2AC-D0D5-4270-BBBE-3A4EB4509171}.Ad-Hoc|Any CPU.Build.0 = Release|Any CPU
		{2587E2AC-D0D5-4270-BBBE-3A4EB4509171}.Ad-Hoc|iPhone.ActiveCfg = Debug|Any CPU
		{2587E2AC-D0D5-4270-BBBE-3A4EB4509171}.Ad-Hoc|iPhone.Build.0 = Debug|Any CPU
		{2587E2AC-D0D5-4270-BBBE-3A4EB4509171}.Ad-Hoc|iPhoneSimulator.ActiveCfg = Release|Any CPU
		{2587E2AC-D0D5-4270-BBBE-3A4EB4509171}.Ad-Hoc|iPhoneSimulator.Build.0 = Release|Any CPU
		{2587E2AC-D0D5-4270-BBBE-3A4EB4509171}.AppStore|Any CPU.ActiveCfg = Release|Any CPU
		{2587E2AC-D0D5-4270-BBBE-3A4EB4509171}.AppStore|Any CPU.Build.0 = Release|Any CPU
		{2587E2AC-D0D5-4270-BBBE-3A4EB4509171}.AppStore|iPhone.ActiveCfg = Debug|Any CPU
		{2587E2AC-D0D5-4270-BBBE-3A4EB4509171}.AppStore|iPhone.Build.0 = Debug|Any CPU
		{2587E2AC-D0D5-4270-BBBE-3A4EB4509171}.AppStore|iPhoneSimulator.ActiveCfg = Release|Any CPU
		{2587E2AC-D0D5-4270-BBBE-3A4EB4509171}.AppStore|iPhoneSimulator.Build.0 = Release|Any CPU
		{2587E2AC-D0D5-4270-BBBE-3A4EB4509171}.Debug|Any CPU.ActiveCfg = Debug|Any CPU
		{2587E2AC-D0D5-4270-BBBE-3A4EB4509171}.Debug|Any CPU.Build.0 = Debug|Any CPU
		{2587E2AC-D0D5-4270-BBBE-3A4EB4509171}.Debug|Any CPU.Deploy.0 = Debug|Any CPU
		{2587E2AC-D0D5-4270-BBBE-3A4EB4509171}.Debug|iPhone.ActiveCfg = Debug|Any CPU
		{2587E2AC-D0D5-4270-BBBE-3A4EB4509171}.Debug|iPhone.Build.0 = Debug|Any CPU
		{2587E2AC-D0D5-4270-BBBE-3A4EB4509171}.Debug|iPhoneSimulator.ActiveCfg = Debug|Any CPU
		{2587E2AC-D0D5-4270-BBBE-3A4EB4509171}.Debug|iPhoneSimulator.Build.0 = Debug|Any CPU
		{2587E2AC-D0D5-4270-BBBE-3A4EB4509171}.Release|Any CPU.ActiveCfg = Release|Any CPU
		{2587E2AC-D0D5-4270-BBBE-3A4EB4509171}.Release|Any CPU.Build.0 = Release|Any CPU
		{2587E2AC-D0D5-4270-BBBE-3A4EB4509171}.Release|iPhone.ActiveCfg = Release|Any CPU
		{2587E2AC-D0D5-4270-BBBE-3A4EB4509171}.Release|iPhone.Build.0 = Release|Any CPU
		{2587E2AC-D0D5-4270-BBBE-3A4EB4509171}.Release|iPhoneSimulator.ActiveCfg = Release|Any CPU
		{2587E2AC-D0D5-4270-BBBE-3A4EB4509171}.Release|iPhoneSimulator.Build.0 = Release|Any CPU
		{8D124167-A1DC-48D7-B894-BF6593834F98}.Ad-Hoc|Any CPU.ActiveCfg = Release|Any CPU
		{8D124167-A1DC-48D7-B894-BF6593834F98}.Ad-Hoc|Any CPU.Build.0 = Release|Any CPU
		{8D124167-A1DC-48D7-B894-BF6593834F98}.Ad-Hoc|iPhone.ActiveCfg = Debug|Any CPU
		{8D124167-A1DC-48D7-B894-BF6593834F98}.Ad-Hoc|iPhone.Build.0 = Debug|Any CPU
		{8D124167-A1DC-48D7-B894-BF6593834F98}.Ad-Hoc|iPhoneSimulator.ActiveCfg = Release|Any CPU
		{8D124167-A1DC-48D7-B894-BF6593834F98}.Ad-Hoc|iPhoneSimulator.Build.0 = Release|Any CPU
		{8D124167-A1DC-48D7-B894-BF6593834F98}.AppStore|Any CPU.ActiveCfg = Release|Any CPU
		{8D124167-A1DC-48D7-B894-BF6593834F98}.AppStore|Any CPU.Build.0 = Release|Any CPU
		{8D124167-A1DC-48D7-B894-BF6593834F98}.AppStore|iPhone.ActiveCfg = Debug|Any CPU
		{8D124167-A1DC-48D7-B894-BF6593834F98}.AppStore|iPhone.Build.0 = Debug|Any CPU
		{8D124167-A1DC-48D7-B894-BF6593834F98}.AppStore|iPhoneSimulator.ActiveCfg = Release|Any CPU
		{8D124167-A1DC-48D7-B894-BF6593834F98}.AppStore|iPhoneSimulator.Build.0 = Release|Any CPU
		{8D124167-A1DC-48D7-B894-BF6593834F98}.Debug|Any CPU.ActiveCfg = Debug|Any CPU
		{8D124167-A1DC-48D7-B894-BF6593834F98}.Debug|Any CPU.Build.0 = Debug|Any CPU
		{8D124167-A1DC-48D7-B894-BF6593834F98}.Debug|Any CPU.Deploy.0 = Debug|Any CPU
		{8D124167-A1DC-48D7-B894-BF6593834F98}.Debug|iPhone.ActiveCfg = Debug|Any CPU
		{8D124167-A1DC-48D7-B894-BF6593834F98}.Debug|iPhone.Build.0 = Debug|Any CPU
		{8D124167-A1DC-48D7-B894-BF6593834F98}.Debug|iPhoneSimulator.ActiveCfg = Debug|Any CPU
		{8D124167-A1DC-48D7-B894-BF6593834F98}.Debug|iPhoneSimulator.Build.0 = Debug|Any CPU
		{8D124167-A1DC-48D7-B894-BF6593834F98}.Release|Any CPU.ActiveCfg = Release|Any CPU
		{8D124167-A1DC-48D7-B894-BF6593834F98}.Release|Any CPU.Build.0 = Release|Any CPU
		{8D124167-A1DC-48D7-B894-BF6593834F98}.Release|iPhone.ActiveCfg = Release|Any CPU
		{8D124167-A1DC-48D7-B894-BF6593834F98}.Release|iPhone.Build.0 = Release|Any CPU
		{8D124167-A1DC-48D7-B894-BF6593834F98}.Release|iPhoneSimulator.ActiveCfg = Release|Any CPU
		{8D124167-A1DC-48D7-B894-BF6593834F98}.Release|iPhoneSimulator.Build.0 = Release|Any CPU
		{F10D8C09-1B97-4B7B-9367-2748A3A72EC1}.Ad-Hoc|Any CPU.ActiveCfg = Release|Any CPU
		{F10D8C09-1B97-4B7B-9367-2748A3A72EC1}.Ad-Hoc|Any CPU.Build.0 = Release|Any CPU
		{F10D8C09-1B97-4B7B-9367-2748A3A72EC1}.Ad-Hoc|iPhone.ActiveCfg = Debug|Any CPU
		{F10D8C09-1B97-4B7B-9367-2748A3A72EC1}.Ad-Hoc|iPhone.Build.0 = Debug|Any CPU
		{F10D8C09-1B97-4B7B-9367-2748A3A72EC1}.Ad-Hoc|iPhoneSimulator.ActiveCfg = Release|Any CPU
		{F10D8C09-1B97-4B7B-9367-2748A3A72EC1}.Ad-Hoc|iPhoneSimulator.Build.0 = Release|Any CPU
		{F10D8C09-1B97-4B7B-9367-2748A3A72EC1}.AppStore|Any CPU.ActiveCfg = Release|Any CPU
		{F10D8C09-1B97-4B7B-9367-2748A3A72EC1}.AppStore|Any CPU.Build.0 = Release|Any CPU
		{F10D8C09-1B97-4B7B-9367-2748A3A72EC1}.AppStore|iPhone.ActiveCfg = Debug|Any CPU
		{F10D8C09-1B97-4B7B-9367-2748A3A72EC1}.AppStore|iPhone.Build.0 = Debug|Any CPU
		{F10D8C09-1B97-4B7B-9367-2748A3A72EC1}.AppStore|iPhoneSimulator.ActiveCfg = Release|Any CPU
		{F10D8C09-1B97-4B7B-9367-2748A3A72EC1}.AppStore|iPhoneSimulator.Build.0 = Release|Any CPU
		{F10D8C09-1B97-4B7B-9367-2748A3A72EC1}.Debug|Any CPU.ActiveCfg = Debug|Any CPU
		{F10D8C09-1B97-4B7B-9367-2748A3A72EC1}.Debug|Any CPU.Build.0 = Debug|Any CPU
		{F10D8C09-1B97-4B7B-9367-2748A3A72EC1}.Debug|Any CPU.Deploy.0 = Debug|Any CPU
		{F10D8C09-1B97-4B7B-9367-2748A3A72EC1}.Debug|iPhone.ActiveCfg = Debug|Any CPU
		{F10D8C09-1B97-4B7B-9367-2748A3A72EC1}.Debug|iPhone.Build.0 = Debug|Any CPU
		{F10D8C09-1B97-4B7B-9367-2748A3A72EC1}.Debug|iPhoneSimulator.ActiveCfg = Debug|Any CPU
		{F10D8C09-1B97-4B7B-9367-2748A3A72EC1}.Debug|iPhoneSimulator.Build.0 = Debug|Any CPU
		{F10D8C09-1B97-4B7B-9367-2748A3A72EC1}.Release|Any CPU.ActiveCfg = Release|Any CPU
		{F10D8C09-1B97-4B7B-9367-2748A3A72EC1}.Release|Any CPU.Build.0 = Release|Any CPU
		{F10D8C09-1B97-4B7B-9367-2748A3A72EC1}.Release|iPhone.ActiveCfg = Release|Any CPU
		{F10D8C09-1B97-4B7B-9367-2748A3A72EC1}.Release|iPhone.Build.0 = Release|Any CPU
		{F10D8C09-1B97-4B7B-9367-2748A3A72EC1}.Release|iPhoneSimulator.ActiveCfg = Release|Any CPU
		{F10D8C09-1B97-4B7B-9367-2748A3A72EC1}.Release|iPhoneSimulator.Build.0 = Release|Any CPU
		{B069F9A1-E52B-4114-800F-CDF21B444CCA}.Ad-Hoc|Any CPU.ActiveCfg = Ad-Hoc|iPhoneSimulator
		{B069F9A1-E52B-4114-800F-CDF21B444CCA}.Ad-Hoc|Any CPU.Build.0 = Ad-Hoc|iPhoneSimulator
		{B069F9A1-E52B-4114-800F-CDF21B444CCA}.Ad-Hoc|iPhone.ActiveCfg = Ad-Hoc|iPhone
		{B069F9A1-E52B-4114-800F-CDF21B444CCA}.Ad-Hoc|iPhone.Build.0 = Ad-Hoc|iPhone
		{B069F9A1-E52B-4114-800F-CDF21B444CCA}.Ad-Hoc|iPhoneSimulator.ActiveCfg = Ad-Hoc|iPhoneSimulator
		{B069F9A1-E52B-4114-800F-CDF21B444CCA}.Ad-Hoc|iPhoneSimulator.Build.0 = Ad-Hoc|iPhoneSimulator
		{B069F9A1-E52B-4114-800F-CDF21B444CCA}.AppStore|Any CPU.ActiveCfg = AppStore|iPhoneSimulator
		{B069F9A1-E52B-4114-800F-CDF21B444CCA}.AppStore|Any CPU.Build.0 = AppStore|iPhoneSimulator
		{B069F9A1-E52B-4114-800F-CDF21B444CCA}.AppStore|iPhone.ActiveCfg = AppStore|iPhone
		{B069F9A1-E52B-4114-800F-CDF21B444CCA}.AppStore|iPhone.Build.0 = AppStore|iPhone
		{B069F9A1-E52B-4114-800F-CDF21B444CCA}.AppStore|iPhoneSimulator.ActiveCfg = AppStore|iPhoneSimulator
		{B069F9A1-E52B-4114-800F-CDF21B444CCA}.AppStore|iPhoneSimulator.Build.0 = AppStore|iPhoneSimulator
		{B069F9A1-E52B-4114-800F-CDF21B444CCA}.Debug|Any CPU.ActiveCfg = Debug|iPhoneSimulator
		{B069F9A1-E52B-4114-800F-CDF21B444CCA}.Debug|Any CPU.Build.0 = Debug|iPhoneSimulator
		{B069F9A1-E52B-4114-800F-CDF21B444CCA}.Debug|Any CPU.Deploy.0 = Debug|iPhoneSimulator
		{B069F9A1-E52B-4114-800F-CDF21B444CCA}.Debug|iPhone.ActiveCfg = Debug|iPhone
		{B069F9A1-E52B-4114-800F-CDF21B444CCA}.Debug|iPhone.Build.0 = Debug|iPhone
		{B069F9A1-E52B-4114-800F-CDF21B444CCA}.Debug|iPhoneSimulator.ActiveCfg = Debug|iPhoneSimulator
		{B069F9A1-E52B-4114-800F-CDF21B444CCA}.Debug|iPhoneSimulator.Build.0 = Debug|iPhoneSimulator
		{B069F9A1-E52B-4114-800F-CDF21B444CCA}.Release|Any CPU.ActiveCfg = Release|iPhoneSimulator
		{B069F9A1-E52B-4114-800F-CDF21B444CCA}.Release|Any CPU.Build.0 = Release|iPhoneSimulator
		{B069F9A1-E52B-4114-800F-CDF21B444CCA}.Release|iPhone.ActiveCfg = Release|iPhone
		{B069F9A1-E52B-4114-800F-CDF21B444CCA}.Release|iPhone.Build.0 = Release|iPhone
		{B069F9A1-E52B-4114-800F-CDF21B444CCA}.Release|iPhoneSimulator.ActiveCfg = Debug|iPhoneSimulator
		{B069F9A1-E52B-4114-800F-CDF21B444CCA}.Release|iPhoneSimulator.Build.0 = Debug|iPhoneSimulator
		{B069F9A1-E52B-4114-800F-CDF21B444CCA}.Release|iPhoneSimulator.Deploy.0 = Debug|iPhoneSimulator
		{30838F75-8EF7-4B42-8A37-238440EE153B}.Ad-Hoc|Any CPU.ActiveCfg = Release|Any CPU
		{30838F75-8EF7-4B42-8A37-238440EE153B}.Ad-Hoc|Any CPU.Build.0 = Release|Any CPU
		{30838F75-8EF7-4B42-8A37-238440EE153B}.Ad-Hoc|Any CPU.Deploy.0 = Release|Any CPU
		{30838F75-8EF7-4B42-8A37-238440EE153B}.Ad-Hoc|iPhone.ActiveCfg = Debug|Any CPU
		{30838F75-8EF7-4B42-8A37-238440EE153B}.Ad-Hoc|iPhone.Build.0 = Debug|Any CPU
		{30838F75-8EF7-4B42-8A37-238440EE153B}.Ad-Hoc|iPhoneSimulator.ActiveCfg = Release|Any CPU
		{30838F75-8EF7-4B42-8A37-238440EE153B}.Ad-Hoc|iPhoneSimulator.Build.0 = Release|Any CPU
		{30838F75-8EF7-4B42-8A37-238440EE153B}.Ad-Hoc|iPhoneSimulator.Deploy.0 = Release|Any CPU
		{30838F75-8EF7-4B42-8A37-238440EE153B}.AppStore|Any CPU.ActiveCfg = Release|Any CPU
		{30838F75-8EF7-4B42-8A37-238440EE153B}.AppStore|Any CPU.Build.0 = Release|Any CPU
		{30838F75-8EF7-4B42-8A37-238440EE153B}.AppStore|Any CPU.Deploy.0 = Release|Any CPU
		{30838F75-8EF7-4B42-8A37-238440EE153B}.AppStore|iPhone.ActiveCfg = Debug|Any CPU
		{30838F75-8EF7-4B42-8A37-238440EE153B}.AppStore|iPhone.Build.0 = Debug|Any CPU
		{30838F75-8EF7-4B42-8A37-238440EE153B}.AppStore|iPhoneSimulator.ActiveCfg = Release|Any CPU
		{30838F75-8EF7-4B42-8A37-238440EE153B}.AppStore|iPhoneSimulator.Build.0 = Release|Any CPU
		{30838F75-8EF7-4B42-8A37-238440EE153B}.AppStore|iPhoneSimulator.Deploy.0 = Release|Any CPU
		{30838F75-8EF7-4B42-8A37-238440EE153B}.Debug|Any CPU.ActiveCfg = Debug|Any CPU
		{30838F75-8EF7-4B42-8A37-238440EE153B}.Debug|Any CPU.Build.0 = Debug|Any CPU
		{30838F75-8EF7-4B42-8A37-238440EE153B}.Debug|Any CPU.Deploy.0 = Debug|Any CPU
		{30838F75-8EF7-4B42-8A37-238440EE153B}.Debug|iPhone.ActiveCfg = Debug|Any CPU
		{30838F75-8EF7-4B42-8A37-238440EE153B}.Debug|iPhone.Build.0 = Debug|Any CPU
		{30838F75-8EF7-4B42-8A37-238440EE153B}.Debug|iPhoneSimulator.ActiveCfg = Debug|Any CPU
		{30838F75-8EF7-4B42-8A37-238440EE153B}.Debug|iPhoneSimulator.Build.0 = Debug|Any CPU
		{30838F75-8EF7-4B42-8A37-238440EE153B}.Release|Any CPU.ActiveCfg = Release|Any CPU
		{30838F75-8EF7-4B42-8A37-238440EE153B}.Release|Any CPU.Build.0 = Release|Any CPU
		{30838F75-8EF7-4B42-8A37-238440EE153B}.Release|iPhone.ActiveCfg = Release|Any CPU
		{30838F75-8EF7-4B42-8A37-238440EE153B}.Release|iPhone.Build.0 = Release|Any CPU
		{30838F75-8EF7-4B42-8A37-238440EE153B}.Release|iPhoneSimulator.ActiveCfg = Release|Any CPU
		{30838F75-8EF7-4B42-8A37-238440EE153B}.Release|iPhoneSimulator.Build.0 = Release|Any CPU
		{DB0B6323-A25C-4D39-9C64-945507CC5DC7}.Ad-Hoc|Any CPU.ActiveCfg = Release|Any CPU
		{DB0B6323-A25C-4D39-9C64-945507CC5DC7}.Ad-Hoc|Any CPU.Build.0 = Release|Any CPU
		{DB0B6323-A25C-4D39-9C64-945507CC5DC7}.Ad-Hoc|iPhone.ActiveCfg = Debug|Any CPU
		{DB0B6323-A25C-4D39-9C64-945507CC5DC7}.Ad-Hoc|iPhone.Build.0 = Debug|Any CPU
		{DB0B6323-A25C-4D39-9C64-945507CC5DC7}.Ad-Hoc|iPhoneSimulator.ActiveCfg = Release|Any CPU
		{DB0B6323-A25C-4D39-9C64-945507CC5DC7}.Ad-Hoc|iPhoneSimulator.Build.0 = Release|Any CPU
		{DB0B6323-A25C-4D39-9C64-945507CC5DC7}.AppStore|Any CPU.ActiveCfg = Release|Any CPU
		{DB0B6323-A25C-4D39-9C64-945507CC5DC7}.AppStore|Any CPU.Build.0 = Release|Any CPU
		{DB0B6323-A25C-4D39-9C64-945507CC5DC7}.AppStore|iPhone.ActiveCfg = Debug|Any CPU
		{DB0B6323-A25C-4D39-9C64-945507CC5DC7}.AppStore|iPhone.Build.0 = Debug|Any CPU
		{DB0B6323-A25C-4D39-9C64-945507CC5DC7}.AppStore|iPhoneSimulator.ActiveCfg = Release|Any CPU
		{DB0B6323-A25C-4D39-9C64-945507CC5DC7}.AppStore|iPhoneSimulator.Build.0 = Release|Any CPU
		{DB0B6323-A25C-4D39-9C64-945507CC5DC7}.Debug|Any CPU.ActiveCfg = Debug|Any CPU
		{DB0B6323-A25C-4D39-9C64-945507CC5DC7}.Debug|Any CPU.Build.0 = Debug|Any CPU
		{DB0B6323-A25C-4D39-9C64-945507CC5DC7}.Debug|Any CPU.Deploy.0 = Debug|Any CPU
		{DB0B6323-A25C-4D39-9C64-945507CC5DC7}.Debug|iPhone.ActiveCfg = Debug|Any CPU
		{DB0B6323-A25C-4D39-9C64-945507CC5DC7}.Debug|iPhone.Build.0 = Debug|Any CPU
		{DB0B6323-A25C-4D39-9C64-945507CC5DC7}.Debug|iPhoneSimulator.ActiveCfg = Debug|Any CPU
		{DB0B6323-A25C-4D39-9C64-945507CC5DC7}.Debug|iPhoneSimulator.Build.0 = Debug|Any CPU
		{DB0B6323-A25C-4D39-9C64-945507CC5DC7}.Release|Any CPU.ActiveCfg = Release|Any CPU
		{DB0B6323-A25C-4D39-9C64-945507CC5DC7}.Release|Any CPU.Build.0 = Release|Any CPU
		{DB0B6323-A25C-4D39-9C64-945507CC5DC7}.Release|iPhone.ActiveCfg = Release|Any CPU
		{DB0B6323-A25C-4D39-9C64-945507CC5DC7}.Release|iPhone.Build.0 = Release|Any CPU
		{DB0B6323-A25C-4D39-9C64-945507CC5DC7}.Release|iPhoneSimulator.ActiveCfg = Release|Any CPU
		{DB0B6323-A25C-4D39-9C64-945507CC5DC7}.Release|iPhoneSimulator.Build.0 = Release|Any CPU
		{DD225D44-93E6-4921-9260-B77DE32F56FB}.Ad-Hoc|Any CPU.ActiveCfg = Release|Any CPU
		{DD225D44-93E6-4921-9260-B77DE32F56FB}.Ad-Hoc|Any CPU.Build.0 = Release|Any CPU
		{DD225D44-93E6-4921-9260-B77DE32F56FB}.Ad-Hoc|iPhone.ActiveCfg = Debug|Any CPU
		{DD225D44-93E6-4921-9260-B77DE32F56FB}.Ad-Hoc|iPhone.Build.0 = Debug|Any CPU
		{DD225D44-93E6-4921-9260-B77DE32F56FB}.Ad-Hoc|iPhoneSimulator.ActiveCfg = Release|Any CPU
		{DD225D44-93E6-4921-9260-B77DE32F56FB}.Ad-Hoc|iPhoneSimulator.Build.0 = Release|Any CPU
		{DD225D44-93E6-4921-9260-B77DE32F56FB}.AppStore|Any CPU.ActiveCfg = Release|Any CPU
		{DD225D44-93E6-4921-9260-B77DE32F56FB}.AppStore|Any CPU.Build.0 = Release|Any CPU
		{DD225D44-93E6-4921-9260-B77DE32F56FB}.AppStore|iPhone.ActiveCfg = Debug|Any CPU
		{DD225D44-93E6-4921-9260-B77DE32F56FB}.AppStore|iPhone.Build.0 = Debug|Any CPU
		{DD225D44-93E6-4921-9260-B77DE32F56FB}.AppStore|iPhoneSimulator.ActiveCfg = Release|Any CPU
		{DD225D44-93E6-4921-9260-B77DE32F56FB}.AppStore|iPhoneSimulator.Build.0 = Release|Any CPU
		{DD225D44-93E6-4921-9260-B77DE32F56FB}.Debug|Any CPU.ActiveCfg = Debug|Any CPU
		{DD225D44-93E6-4921-9260-B77DE32F56FB}.Debug|Any CPU.Build.0 = Debug|Any CPU
		{DD225D44-93E6-4921-9260-B77DE32F56FB}.Debug|iPhone.ActiveCfg = Debug|Any CPU
		{DD225D44-93E6-4921-9260-B77DE32F56FB}.Debug|iPhone.Build.0 = Debug|Any CPU
		{DD225D44-93E6-4921-9260-B77DE32F56FB}.Debug|iPhoneSimulator.ActiveCfg = Debug|Any CPU
		{DD225D44-93E6-4921-9260-B77DE32F56FB}.Debug|iPhoneSimulator.Build.0 = Debug|Any CPU
		{DD225D44-93E6-4921-9260-B77DE32F56FB}.Release|Any CPU.ActiveCfg = Release|Any CPU
		{DD225D44-93E6-4921-9260-B77DE32F56FB}.Release|Any CPU.Build.0 = Release|Any CPU
		{DD225D44-93E6-4921-9260-B77DE32F56FB}.Release|iPhone.ActiveCfg = Release|Any CPU
		{DD225D44-93E6-4921-9260-B77DE32F56FB}.Release|iPhone.Build.0 = Release|Any CPU
		{DD225D44-93E6-4921-9260-B77DE32F56FB}.Release|iPhoneSimulator.ActiveCfg = Release|Any CPU
		{DD225D44-93E6-4921-9260-B77DE32F56FB}.Release|iPhoneSimulator.Build.0 = Release|Any CPU
		{8B6484D3-64FF-46B3-9E6C-B723D2207EA9}.Ad-Hoc|Any CPU.ActiveCfg = Release|Any CPU
		{8B6484D3-64FF-46B3-9E6C-B723D2207EA9}.Ad-Hoc|Any CPU.Build.0 = Release|Any CPU
		{8B6484D3-64FF-46B3-9E6C-B723D2207EA9}.Ad-Hoc|iPhone.ActiveCfg = Debug|Any CPU
		{8B6484D3-64FF-46B3-9E6C-B723D2207EA9}.Ad-Hoc|iPhone.Build.0 = Debug|Any CPU
		{8B6484D3-64FF-46B3-9E6C-B723D2207EA9}.Ad-Hoc|iPhoneSimulator.ActiveCfg = Release|Any CPU
		{8B6484D3-64FF-46B3-9E6C-B723D2207EA9}.Ad-Hoc|iPhoneSimulator.Build.0 = Release|Any CPU
		{8B6484D3-64FF-46B3-9E6C-B723D2207EA9}.AppStore|Any CPU.ActiveCfg = Release|Any CPU
		{8B6484D3-64FF-46B3-9E6C-B723D2207EA9}.AppStore|Any CPU.Build.0 = Release|Any CPU
		{8B6484D3-64FF-46B3-9E6C-B723D2207EA9}.AppStore|iPhone.ActiveCfg = Debug|Any CPU
		{8B6484D3-64FF-46B3-9E6C-B723D2207EA9}.AppStore|iPhone.Build.0 = Debug|Any CPU
		{8B6484D3-64FF-46B3-9E6C-B723D2207EA9}.AppStore|iPhoneSimulator.ActiveCfg = Release|Any CPU
		{8B6484D3-64FF-46B3-9E6C-B723D2207EA9}.AppStore|iPhoneSimulator.Build.0 = Release|Any CPU
		{8B6484D3-64FF-46B3-9E6C-B723D2207EA9}.Debug|Any CPU.ActiveCfg = Debug|Any CPU
		{8B6484D3-64FF-46B3-9E6C-B723D2207EA9}.Debug|Any CPU.Build.0 = Debug|Any CPU
		{8B6484D3-64FF-46B3-9E6C-B723D2207EA9}.Debug|iPhone.ActiveCfg = Debug|Any CPU
		{8B6484D3-64FF-46B3-9E6C-B723D2207EA9}.Debug|iPhone.Build.0 = Debug|Any CPU
		{8B6484D3-64FF-46B3-9E6C-B723D2207EA9}.Debug|iPhoneSimulator.ActiveCfg = Debug|Any CPU
		{8B6484D3-64FF-46B3-9E6C-B723D2207EA9}.Debug|iPhoneSimulator.Build.0 = Debug|Any CPU
		{8B6484D3-64FF-46B3-9E6C-B723D2207EA9}.Release|Any CPU.ActiveCfg = Release|Any CPU
		{8B6484D3-64FF-46B3-9E6C-B723D2207EA9}.Release|Any CPU.Build.0 = Release|Any CPU
		{8B6484D3-64FF-46B3-9E6C-B723D2207EA9}.Release|iPhone.ActiveCfg = Release|Any CPU
		{8B6484D3-64FF-46B3-9E6C-B723D2207EA9}.Release|iPhone.Build.0 = Release|Any CPU
		{8B6484D3-64FF-46B3-9E6C-B723D2207EA9}.Release|iPhoneSimulator.ActiveCfg = Release|Any CPU
		{8B6484D3-64FF-46B3-9E6C-B723D2207EA9}.Release|iPhoneSimulator.Build.0 = Release|Any CPU
		{3B5EA5A7-68DC-46CC-A253-8FF4D607B484}.Ad-Hoc|Any CPU.ActiveCfg = Release|Any CPU
		{3B5EA5A7-68DC-46CC-A253-8FF4D607B484}.Ad-Hoc|Any CPU.Build.0 = Release|Any CPU
		{3B5EA5A7-68DC-46CC-A253-8FF4D607B484}.Ad-Hoc|iPhone.ActiveCfg = Debug|Any CPU
		{3B5EA5A7-68DC-46CC-A253-8FF4D607B484}.Ad-Hoc|iPhone.Build.0 = Debug|Any CPU
		{3B5EA5A7-68DC-46CC-A253-8FF4D607B484}.Ad-Hoc|iPhoneSimulator.ActiveCfg = Release|Any CPU
		{3B5EA5A7-68DC-46CC-A253-8FF4D607B484}.Ad-Hoc|iPhoneSimulator.Build.0 = Release|Any CPU
		{3B5EA5A7-68DC-46CC-A253-8FF4D607B484}.AppStore|Any CPU.ActiveCfg = Release|Any CPU
		{3B5EA5A7-68DC-46CC-A253-8FF4D607B484}.AppStore|Any CPU.Build.0 = Release|Any CPU
		{3B5EA5A7-68DC-46CC-A253-8FF4D607B484}.AppStore|iPhone.ActiveCfg = Debug|Any CPU
		{3B5EA5A7-68DC-46CC-A253-8FF4D607B484}.AppStore|iPhone.Build.0 = Debug|Any CPU
		{3B5EA5A7-68DC-46CC-A253-8FF4D607B484}.AppStore|iPhoneSimulator.ActiveCfg = Release|Any CPU
		{3B5EA5A7-68DC-46CC-A253-8FF4D607B484}.AppStore|iPhoneSimulator.Build.0 = Release|Any CPU
		{3B5EA5A7-68DC-46CC-A253-8FF4D607B484}.Debug|Any CPU.ActiveCfg = Debug|Any CPU
		{3B5EA5A7-68DC-46CC-A253-8FF4D607B484}.Debug|Any CPU.Build.0 = Debug|Any CPU
		{3B5EA5A7-68DC-46CC-A253-8FF4D607B484}.Debug|iPhone.ActiveCfg = Debug|Any CPU
		{3B5EA5A7-68DC-46CC-A253-8FF4D607B484}.Debug|iPhone.Build.0 = Debug|Any CPU
		{3B5EA5A7-68DC-46CC-A253-8FF4D607B484}.Debug|iPhoneSimulator.ActiveCfg = Debug|Any CPU
		{3B5EA5A7-68DC-46CC-A253-8FF4D607B484}.Debug|iPhoneSimulator.Build.0 = Debug|Any CPU
		{3B5EA5A7-68DC-46CC-A253-8FF4D607B484}.Release|Any CPU.ActiveCfg = Release|Any CPU
		{3B5EA5A7-68DC-46CC-A253-8FF4D607B484}.Release|Any CPU.Build.0 = Release|Any CPU
		{3B5EA5A7-68DC-46CC-A253-8FF4D607B484}.Release|iPhone.ActiveCfg = Release|Any CPU
		{3B5EA5A7-68DC-46CC-A253-8FF4D607B484}.Release|iPhone.Build.0 = Release|Any CPU
		{3B5EA5A7-68DC-46CC-A253-8FF4D607B484}.Release|iPhoneSimulator.ActiveCfg = Release|Any CPU
		{3B5EA5A7-68DC-46CC-A253-8FF4D607B484}.Release|iPhoneSimulator.Build.0 = Release|Any CPU
	EndGlobalSection
	GlobalSection(SolutionProperties) = preSolution
		HideSolutionNode = FALSE
	EndGlobalSection
	GlobalSection(NestedProjects) = preSolution
		{F10D8C09-1B97-4B7B-9367-2748A3A72EC1} = {38C60FDF-7946-4C96-848C-1B4474FFF717}
		{B069F9A1-E52B-4114-800F-CDF21B444CCA} = {38C60FDF-7946-4C96-848C-1B4474FFF717}
		{30838F75-8EF7-4B42-8A37-238440EE153B} = {38C60FDF-7946-4C96-848C-1B4474FFF717}
	EndGlobalSection
	GlobalSection(ExtensibilityGlobals) = postSolution
		SolutionGuid = {6C697F4C-B462-4E52-A8C3-365902AC263C}
	EndGlobalSection
EndGlobal
